
Microsoft Visual Studio Solution File, Format Version 12.00
# Visual Studio 15
VisualStudioVersion = 15.0.28307.572
MinimumVisualStudioVersion = 10.0.40219.1
Project("{8BC9CEB8-8B4A-11D0-8D11-00A0C91BC942}") = "perfect-hashing", "perfect-hashing\perfect-hashing.vcxproj", "{A1EFE724-35AA-4741-9674-382A0BCA163F}"
EndProject
Global
	GlobalSection(SolutionConfigurationPlatforms) = preSolution
		Debug|x64 = Debug|x64
		Debug|x86 = Debug|x86
		Release|x64 = Release|x64
		Release|x86 = Release|x86
	EndGlobalSection
	GlobalSection(ProjectConfigurationPlatforms) = postSolution
		{A1EFE724-35AA-4741-9674-382A0BCA163F}.Debug|x64.ActiveCfg = Debug|x64
		{A1EFE724-35AA-4741-9674-382A0BCA163F}.Debug|x64.Build.0 = Debug|x64
		{A1EFE724-35AA-4741-9674-382A0BCA163F}.Debug|x86.ActiveCfg = Debug|Win32
		{A1EFE724-35AA-4741-9674-382A0BCA163F}.Debug|x86.Build.0 = Debug|Win32
		{A1EFE724-35AA-4741-9674-382A0BCA163F}.Release|x64.ActiveCfg = Release|x64
		{A1EFE724-35AA-4741-9674-382A0BCA163F}.Release|x64.Build.0 = Release|x64
		{A1EFE724-35AA-4741-9674-382A0BCA163F}.Release|x86.ActiveCfg = Release|Win32
		{A1EFE724-35AA-4741-9674-382A0BCA163F}.Release|x86.Build.0 = Release|Win32
	EndGlobalSection
	GlobalSection(SolutionProperties) = preSolution
		HideSolutionNode = FALSE
	EndGlobalSection
	GlobalSection(ExtensibilityGlobals) = postSolution
		SolutionGuid = {B1790A0B-1C41-479B-AA28-C11746E66706}
	EndGlobalSection
EndGlobal
